// !$*UTF8*$!
{
	archiveVersion = 1;
	classes = {
	};
	objectVersion = 46;
	objects = {

/* Begin PBXBuildFile section */
		05243C811C42695C00766BEA /* OneController.m in Sources */ = {isa = PBXBuildFile; fileRef = 05243C801C42695C00766BEA /* OneController.m */; };
		05243C841C42696E00766BEA /* TwoController.m in Sources */ = {isa = PBXBuildFile; fileRef = 05243C831C42696E00766BEA /* TwoController.m */; };
		05243C871C42697D00766BEA /* ThreeController.m in Sources */ = {isa = PBXBuildFile; fileRef = 05243C861C42697D00766BEA /* ThreeController.m */; };
		05243C8A1C42698B00766BEA /* FourController.m in Sources */ = {isa = PBXBuildFile; fileRef = 05243C891C42698B00766BEA /* FourController.m */; };
		0587DFDB1C420BD00029C00D /* One.storyboard in Resources */ = {isa = PBXBuildFile; fileRef = 0587DFDA1C420BD00029C00D /* One.storyboard */; };
		0587DFDD1C420BEA0029C00D /* Two.storyboard in Resources */ = {isa = PBXBuildFile; fileRef = 0587DFDC1C420BEA0029C00D /* Two.storyboard */; };
		0587DFDF1C420C020029C00D /* Three.storyboard in Resources */ = {isa = PBXBuildFile; fileRef = 0587DFDE1C420C020029C00D /* Three.storyboard */; };
		0587DFE11C420C5E0029C00D /* Four.storyboard in Resources */ = {isa = PBXBuildFile; fileRef = 0587DFE01C420C5E0029C00D /* Four.storyboard */; };
		05DDAC571C4208AE00970D18 /* main.m in Sources */ = {isa = PBXBuildFile; fileRef = 05DDAC561C4208AE00970D18 /* main.m */; };
		05DDAC5A1C4208AE00970D18 /* AppDelegate.m in Sources */ = {isa = PBXBuildFile; fileRef = 05DDAC591C4208AE00970D18 /* AppDelegate.m */; };
		05DDAC5D1C4208AE00970D18 /* MainViewController.m in Sources */ = {isa = PBXBuildFile; fileRef = 05DDAC5C1C4208AE00970D18 /* MainViewController.m */; };
		05DDAC601C4208AE00970D18 /* Main.storyboard in Resources */ = {isa = PBXBuildFile; fileRef = 05DDAC5E1C4208AE00970D18 /* Main.storyboard */; };
		05DDAC621C4208AE00970D18 /* Assets.xcassets in Resources */ = {isa = PBXBuildFile; fileRef = 05DDAC611C4208AE00970D18 /* Assets.xcassets */; };
		05DDAC651C4208AE00970D18 /* LaunchScreen.storyboard in Resources */ = {isa = PBXBuildFile; fileRef = 05DDAC631C4208AE00970D18 /* LaunchScreen.storyboard */; };
		05DDAC701C4208AE00970D18 /* ZDMutableStoryBoardDemoTests.m in Sources */ = {isa = PBXBuildFile; fileRef = 05DDAC6F1C4208AE00970D18 /* ZDMutableStoryBoardDemoTests.m */; };
		05DDAC7B1C4208AE00970D18 /* ZDMutableStoryBoardDemoUITests.m in Sources */ = {isa = PBXBuildFile; fileRef = 05DDAC7A1C4208AE00970D18 /* ZDMutableStoryBoardDemoUITests.m */; };
		3304CEDFEB8CA3FDFA5A03D6 /* libPods-ZDMutableStoryBoardDemo.a in Frameworks */ = {isa = PBXBuildFile; fileRef = A3D34AE184CE24C2C751E41F /* libPods-ZDMutableStoryBoardDemo.a */; };
/* End PBXBuildFile section */

/* Begin PBXContainerItemProxy section */
		05DDAC6C1C4208AE00970D18 /* PBXContainerItemProxy */ = {
			isa = PBXContainerItemProxy;
			containerPortal = 05DDAC4A1C4208AE00970D18 /* Project object */;
			proxyType = 1;
			remoteGlobalIDString = 05DDAC511C4208AE00970D18;
			remoteInfo = ZDMutableStoryBoardDemo;
		};
		05DDAC771C4208AE00970D18 /* PBXContainerItemProxy */ = {
			isa = PBXContainerItemProxy;
			containerPortal = 05DDAC4A1C4208AE00970D18 /* Project object */;
			proxyType = 1;
			remoteGlobalIDString = 05DDAC511C4208AE00970D18;
			remoteInfo = ZDMutableStoryBoardDemo;
		};
/* End PBXContainerItemProxy section */

/* Begin PBXFileReference section */
		05243C7F1C42695C00766BEA /* OneController.h */ = {isa = PBXFileReference; fileEncoding = 4; lastKnownFileType = sourcecode.c.h; path = OneController.h; sourceTree = "<group>"; };
		05243C801C42695C00766BEA /* OneController.m */ = {isa = PBXFileReference; fileEncoding = 4; lastKnownFileType = sourcecode.c.objc; path = OneController.m; sourceTree = "<group>"; };
		05243C821C42696E00766BEA /* TwoController.h */ = {isa = PBXFileReference; fileEncoding = 4; lastKnownFileType = sourcecode.c.h; path = TwoController.h; sourceTree = "<group>"; };
		05243C831C42696E00766BEA /* TwoController.m */ = {isa = PBXFileReference; fileEncoding = 4; lastKnownFileType = sourcecode.c.objc; path = TwoController.m; sourceTree = "<group>"; };
		05243C851C42697D00766BEA /* ThreeController.h */ = {isa = PBXFileReference; fileEncoding = 4; lastKnownFileType = sourcecode.c.h; path = ThreeController.h; sourceTree = "<group>"; };
		05243C861C42697D00766BEA /* ThreeController.m */ = {isa = PBXFileReference; fileEncoding = 4; lastKnownFileType = sourcecode.c.objc; path = ThreeController.m; sourceTree = "<group>"; };
		05243C881C42698B00766BEA /* FourController.h */ = {isa = PBXFileReference; fileEncoding = 4; lastKnownFileType = sourcecode.c.h; path = FourController.h; sourceTree = "<group>"; };
		05243C891C42698B00766BEA /* FourController.m */ = {isa = PBXFileReference; fileEncoding = 4; lastKnownFileType = sourcecode.c.objc; path = FourController.m; sourceTree = "<group>"; };
		0587DFDA1C420BD00029C00D /* One.storyboard */ = {isa = PBXFileReference; fileEncoding = 4; lastKnownFileType = file.storyboard; path = One.storyboard; sourceTree = "<group>"; };
		0587DFDC1C420BEA0029C00D /* Two.storyboard */ = {isa = PBXFileReference; fileEncoding = 4; lastKnownFileType = file.storyboard; path = Two.storyboard; sourceTree = "<group>"; };
		0587DFDE1C420C020029C00D /* Three.storyboard */ = {isa = PBXFileReference; fileEncoding = 4; lastKnownFileType = file.storyboard; path = Three.storyboard; sourceTree = "<group>"; };
		0587DFE01C420C5E0029C00D /* Four.storyboard */ = {isa = PBXFileReference; fileEncoding = 4; lastKnownFileType = file.storyboard; path = Four.storyboard; sourceTree = "<group>"; };
		05DDAC521C4208AE00970D18 /* ZDMutableStoryBoardDemo.app */ = {isa = PBXFileReference; explicitFileType = wrapper.application; includeInIndex = 0; path = ZDMutableStoryBoardDemo.app; sourceTree = BUILT_PRODUCTS_DIR; };
		05DDAC561C4208AE00970D18 /* main.m */ = {isa = PBXFileReference; lastKnownFileType = sourcecode.c.objc; path = main.m; sourceTree = "<group>"; };
		05DDAC581C4208AE00970D18 /* AppDelegate.h */ = {isa = PBXFileReference; lastKnownFileType = sourcecode.c.h; path = AppDelegate.h; sourceTree = "<group>"; };
		05DDAC591C4208AE00970D18 /* AppDelegate.m */ = {isa = PBXFileReference; lastKnownFileType = sourcecode.c.objc; path = AppDelegate.m; sourceTree = "<group>"; };
		05DDAC5B1C4208AE00970D18 /* MainViewController.h */ = {isa = PBXFileReference; lastKnownFileType = sourcecode.c.h; path = MainViewController.h; sourceTree = "<group>"; };
		05DDAC5C1C4208AE00970D18 /* MainViewController.m */ = {isa = PBXFileReference; lastKnownFileType = sourcecode.c.objc; path = MainViewController.m; sourceTree = "<group>"; };
		05DDAC5F1C4208AE00970D18 /* Base */ = {isa = PBXFileReference; lastKnownFileType = file.storyboard; name = Base; path = Base.lproj/Main.storyboard; sourceTree = "<group>"; };
		05DDAC611C4208AE00970D18 /* Assets.xcassets */ = {isa = PBXFileReference; lastKnownFileType = folder.assetcatalog; path = Assets.xcassets; sourceTree = "<group>"; };
		05DDAC641C4208AE00970D18 /* Base */ = {isa = PBXFileReference; lastKnownFileType = file.storyboard; name = Base; path = Base.lproj/LaunchScreen.storyboard; sourceTree = "<group>"; };
		05DDAC661C4208AE00970D18 /* Info.plist */ = {isa = PBXFileReference; lastKnownFileType = text.plist.xml; path = Info.plist; sourceTree = "<group>"; };
		05DDAC6B1C4208AE00970D18 /* ZDMutableStoryBoardDemoTests.xctest */ = {isa = PBXFileReference; explicitFileType = wrapper.cfbundle; includeInIndex = 0; path = ZDMutableStoryBoardDemoTests.xctest; sourceTree = BUILT_PRODUCTS_DIR; };
		05DDAC6F1C4208AE00970D18 /* ZDMutableStoryBoardDemoTests.m */ = {isa = PBXFileReference; lastKnownFileType = sourcecode.c.objc; path = ZDMutableStoryBoardDemoTests.m; sourceTree = "<group>"; };
		05DDAC711C4208AE00970D18 /* Info.plist */ = {isa = PBXFileReference; lastKnownFileType = text.plist.xml; path = Info.plist; sourceTree = "<group>"; };
		05DDAC761C4208AE00970D18 /* ZDMutableStoryBoardDemoUITests.xctest */ = {isa = PBXFileReference; explicitFileType = wrapper.cfbundle; includeInIndex = 0; path = ZDMutableStoryBoardDemoUITests.xctest; sourceTree = BUILT_PRODUCTS_DIR; };
		05DDAC7A1C4208AE00970D18 /* ZDMutableStoryBoardDemoUITests.m */ = {isa = PBXFileReference; lastKnownFileType = sourcecode.c.objc; path = ZDMutableStoryBoardDemoUITests.m; sourceTree = "<group>"; };
		05DDAC7C1C4208AE00970D18 /* Info.plist */ = {isa = PBXFileReference; lastKnownFileType = text.plist.xml; path = Info.plist; sourceTree = "<group>"; };
		0AD62AB5E61F4496742DCD34 /* Pods-ZDMutableStoryBoardDemo.release.xcconfig */ = {isa = PBXFileReference; includeInIndex = 1; lastKnownFileType = text.xcconfig; name = "Pods-ZDMutableStoryBoardDemo.release.xcconfig"; path = "Pods/Target Support Files/Pods-ZDMutableStoryBoardDemo/Pods-ZDMutableStoryBoardDemo.release.xcconfig"; sourceTree = "<group>"; };
		662459A0D45AC9E3A95E52ED /* Pods-ZDMutableStoryBoardDemo.debug.xcconfig */ = {isa = PBXFileReference; includeInIndex = 1; lastKnownFileType = text.xcconfig; name = "Pods-ZDMutableStoryBoardDemo.debug.xcconfig"; path = "Pods/Target Support Files/Pods-ZDMutableStoryBoardDemo/Pods-ZDMutableStoryBoardDemo.debug.xcconfig"; sourceTree = "<group>"; };
		A3D34AE184CE24C2C751E41F /* libPods-ZDMutableStoryBoardDemo.a */ = {isa = PBXFileReference; explicitFileType = archive.ar; includeInIndex = 0; path = "libPods-ZDMutableStoryBoardDemo.a"; sourceTree = BUILT_PRODUCTS_DIR; };
/* End PBXFileReference section */

/* Begin PBXFrameworksBuildPhase section */
		05DDAC4F1C4208AE00970D18 /* Frameworks */ = {
			isa = PBXFrameworksBuildPhase;
			buildActionMask = 2147483647;
			files = (
				3304CEDFEB8CA3FDFA5A03D6 /* libPods-ZDMutableStoryBoardDemo.a in Frameworks */,
			);
			runOnlyForDeploymentPostprocessing = 0;
		};
		05DDAC681C4208AE00970D18 /* Frameworks */ = {
			isa = PBXFrameworksBuildPhase;
			buildActionMask = 2147483647;
			files = (
			);
			runOnlyForDeploymentPostprocessing = 0;
		};
		05DDAC731C4208AE00970D18 /* Frameworks */ = {
			isa = PBXFrameworksBuildPhase;
			buildActionMask = 2147483647;
			files = (
			);
			runOnlyForDeploymentPostprocessing = 0;
		};
/* End PBXFrameworksBuildPhase section */

/* Begin PBXGroup section */
		05243C8B1C427A8E00766BEA /* Main */ = {
			isa = PBXGroup;
			children = (
				05DDAC5B1C4208AE00970D18 /* MainViewController.h */,
				05DDAC5C1C4208AE00970D18 /* MainViewController.m */,
			);
			path = Main;
			sourceTree = "<group>";
		};
		0587DFE21C420C970029C00D /* UI */ = {
			isa = PBXGroup;
			children = (
				05DDAC5E1C4208AE00970D18 /* Main.storyboard */,
				0587DFDA1C420BD00029C00D /* One.storyboard */,
				0587DFDC1C420BEA0029C00D /* Two.storyboard */,
				0587DFDE1C420C020029C00D /* Three.storyboard */,
				0587DFE01C420C5E0029C00D /* Four.storyboard */,
			);
			path = UI;
			sourceTree = "<group>";
		};
		0587DFE31C420CB70029C00D /* Controller */ = {
			isa = PBXGroup;
			children = (
				05243C8B1C427A8E00766BEA /* Main */,
				0587DFE41C420CC30029C00D /* One */,
				0587DFE51C420CCE0029C00D /* Two */,
				0587DFE71C420CE30029C00D /* Three */,
				0587DFE81C420CEC0029C00D /* Four */,
			);
			path = Controller;
			sourceTree = "<group>";
		};
		0587DFE41C420CC30029C00D /* One */ = {
			isa = PBXGroup;
			children = (
				05243C7F1C42695C00766BEA /* OneController.h */,
				05243C801C42695C00766BEA /* OneController.m */,
			);
			path = One;
			sourceTree = "<group>";
		};
		0587DFE51C420CCE0029C00D /* Two */ = {
			isa = PBXGroup;
			children = (
				05243C821C42696E00766BEA /* TwoController.h */,
				05243C831C42696E00766BEA /* TwoController.m */,
			);
			path = Two;
			sourceTree = "<group>";
		};
		0587DFE71C420CE30029C00D /* Three */ = {
			isa = PBXGroup;
			children = (
				05243C851C42697D00766BEA /* ThreeController.h */,
				05243C861C42697D00766BEA /* ThreeController.m */,
			);
			path = Three;
			sourceTree = "<group>";
		};
		0587DFE81C420CEC0029C00D /* Four */ = {
			isa = PBXGroup;
			children = (
				05243C881C42698B00766BEA /* FourController.h */,
				05243C891C42698B00766BEA /* FourController.m */,
			);
			path = Four;
			sourceTree = "<group>";
		};
		05DDAC491C4208AE00970D18 = {
			isa = PBXGroup;
			children = (
				05DDAC541C4208AE00970D18 /* ZDMutableStoryBoardDemo */,
				05DDAC531C4208AE00970D18 /* Products */,
				05DDAC6E1C4208AE00970D18 /* ZDMutableStoryBoardDemoTests */,
				05DDAC791C4208AE00970D18 /* ZDMutableStoryBoardDemoUITests */,
				1083EA027424EE507BC3880F /* Pods */,
				D4A026F0F8BFE76F10C45C84 /* Frameworks */,
			);
			sourceTree = "<group>";
		};
		05DDAC531C4208AE00970D18 /* Products */ = {
			isa = PBXGroup;
			children = (
				05DDAC521C4208AE00970D18 /* ZDMutableStoryBoardDemo.app */,
				05DDAC6B1C4208AE00970D18 /* ZDMutableStoryBoardDemoTests.xctest */,
				05DDAC761C4208AE00970D18 /* ZDMutableStoryBoardDemoUITests.xctest */,
			);
			name = Products;
			sourceTree = "<group>";
		};
		05DDAC541C4208AE00970D18 /* ZDMutableStoryBoardDemo */ = {
			isa = PBXGroup;
			children = (
				0587DFE31C420CB70029C00D /* Controller */,
				0587DFE21C420C970029C00D /* UI */,
				05DDAC581C4208AE00970D18 /* AppDelegate.h */,
				05DDAC591C4208AE00970D18 /* AppDelegate.m */,
				05DDAC611C4208AE00970D18 /* Assets.xcassets */,
				05DDAC661C4208AE00970D18 /* Info.plist */,
				05DDAC631C4208AE00970D18 /* LaunchScreen.storyboard */,
				05DDAC551C4208AE00970D18 /* Supporting Files */,
			);
			path = ZDMutableStoryBoardDemo;
			sourceTree = "<group>";
		};
		05DDAC551C4208AE00970D18 /* Supporting Files */ = {
			isa = PBXGroup;
			children = (
				05DDAC561C4208AE00970D18 /* main.m */,
			);
			path = "Supporting Files";
			sourceTree = "<group>";
		};
		05DDAC6E1C4208AE00970D18 /* ZDMutableStoryBoardDemoTests */ = {
			isa = PBXGroup;
			children = (
				05DDAC711C4208AE00970D18 /* Info.plist */,
				05DDAC6F1C4208AE00970D18 /* ZDMutableStoryBoardDemoTests.m */,
			);
			path = ZDMutableStoryBoardDemoTests;
			sourceTree = "<group>";
		};
		05DDAC791C4208AE00970D18 /* ZDMutableStoryBoardDemoUITests */ = {
			isa = PBXGroup;
			children = (
				05DDAC7C1C4208AE00970D18 /* Info.plist */,
				05DDAC7A1C4208AE00970D18 /* ZDMutableStoryBoardDemoUITests.m */,
			);
			path = ZDMutableStoryBoardDemoUITests;
			sourceTree = "<group>";
		};
		1083EA027424EE507BC3880F /* Pods */ = {
			isa = PBXGroup;
			children = (
				662459A0D45AC9E3A95E52ED /* Pods-ZDMutableStoryBoardDemo.debug.xcconfig */,
				0AD62AB5E61F4496742DCD34 /* Pods-ZDMutableStoryBoardDemo.release.xcconfig */,
			);
			name = Pods;
			sourceTree = "<group>";
		};
		D4A026F0F8BFE76F10C45C84 /* Frameworks */ = {
			isa = PBXGroup;
			children = (
				A3D34AE184CE24C2C751E41F /* libPods-ZDMutableStoryBoardDemo.a */,
			);
			name = Frameworks;
			sourceTree = "<group>";
		};
/* End PBXGroup section */

/* Begin PBXNativeTarget section */
		05DDAC511C4208AE00970D18 /* ZDMutableStoryBoardDemo */ = {
			isa = PBXNativeTarget;
			buildConfigurationList = 05DDAC7F1C4208AE00970D18 /* Build configuration list for PBXNativeTarget "ZDMutableStoryBoardDemo" */;
			buildPhases = (
				8D2B6EB2999CF53639A00637 /* [CP] Check Pods Manifest.lock */,
				05DDAC4E1C4208AE00970D18 /* Sources */,
				05DDAC4F1C4208AE00970D18 /* Frameworks */,
				05DDAC501C4208AE00970D18 /* Resources */,
				A8A1BA93120093AB05297D54 /* [CP] Embed Pods Frameworks */,
				03E51B8ACA328B52AAC9F0EF /* [CP] Copy Pods Resources */,
			);
			buildRules = (
			);
			dependencies = (
			);
			name = ZDMutableStoryBoardDemo;
			productName = ZDMutableStoryBoardDemo;
			productReference = 05DDAC521C4208AE00970D18 /* ZDMutableStoryBoardDemo.app */;
			productType = "com.apple.product-type.application";
		};
		05DDAC6A1C4208AE00970D18 /* ZDMutableStoryBoardDemoTests */ = {
			isa = PBXNativeTarget;
			buildConfigurationList = 05DDAC821C4208AE00970D18 /* Build configuration list for PBXNativeTarget "ZDMutableStoryBoardDemoTests" */;
			buildPhases = (
				05DDAC671C4208AE00970D18 /* Sources */,
				05DDAC681C4208AE00970D18 /* Frameworks */,
				05DDAC691C4208AE00970D18 /* Resources */,
			);
			buildRules = (
			);
			dependencies = (
				05DDAC6D1C4208AE00970D18 /* PBXTargetDependency */,
			);
			name = ZDMutableStoryBoardDemoTests;
			productName = ZDMutableStoryBoardDemoTests;
			productReference = 05DDAC6B1C4208AE00970D18 /* ZDMutableStoryBoardDemoTests.xctest */;
			productType = "com.apple.product-type.bundle.unit-test";
		};
		05DDAC751C4208AE00970D18 /* ZDMutableStoryBoardDemoUITests */ = {
			isa = PBXNativeTarget;
			buildConfigurationList = 05DDAC851C4208AE00970D18 /* Build configuration list for PBXNativeTarget "ZDMutableStoryBoardDemoUITests" */;
			buildPhases = (
				05DDAC721C4208AE00970D18 /* Sources */,
				05DDAC731C4208AE00970D18 /* Frameworks */,
				05DDAC741C4208AE00970D18 /* Resources */,
			);
			buildRules = (
			);
			dependencies = (
				05DDAC781C4208AE00970D18 /* PBXTargetDependency */,
			);
			name = ZDMutableStoryBoardDemoUITests;
			productName = ZDMutableStoryBoardDemoUITests;
			productReference = 05DDAC761C4208AE00970D18 /* ZDMutableStoryBoardDemoUITests.xctest */;
			productType = "com.apple.product-type.bundle.ui-testing";
		};
/* End PBXNativeTarget section */

/* Begin PBXProject section */
		05DDAC4A1C4208AE00970D18 /* Project object */ = {
			isa = PBXProject;
			attributes = {
				LastUpgradeCheck = 0720;
				ORGANIZATIONNAME = Fate.D.Bourne;
				TargetAttributes = {
					05DDAC511C4208AE00970D18 = {
						CreatedOnToolsVersion = 7.2;
					};
					05DDAC6A1C4208AE00970D18 = {
						CreatedOnToolsVersion = 7.2;
						TestTargetID = 05DDAC511C4208AE00970D18;
					};
					05DDAC751C4208AE00970D18 = {
						CreatedOnToolsVersion = 7.2;
						TestTargetID = 05DDAC511C4208AE00970D18;
					};
				};
			};
			buildConfigurationList = 05DDAC4D1C4208AE00970D18 /* Build configuration list for PBXProject "ZDMutableStoryBoardDemo" */;
			compatibilityVersion = "Xcode 3.2";
			developmentRegion = English;
			hasScannedForEncodings = 0;
			knownRegions = (
				en,
				Base,
			);
			mainGroup = 05DDAC491C4208AE00970D18;
			productRefGroup = 05DDAC531C4208AE00970D18 /* Products */;
			projectDirPath = "";
			projectRoot = "";
			targets = (
				05DDAC511C4208AE00970D18 /* ZDMutableStoryBoardDemo */,
				05DDAC6A1C4208AE00970D18 /* ZDMutableStoryBoardDemoTests */,
				05DDAC751C4208AE00970D18 /* ZDMutableStoryBoardDemoUITests */,
			);
		};
/* End PBXProject section */

/* Begin PBXResourcesBuildPhase section */
		05DDAC501C4208AE00970D18 /* Resources */ = {
			isa = PBXResourcesBuildPhase;
			buildActionMask = 2147483647;
			files = (
				05DDAC651C4208AE00970D18 /* LaunchScreen.storyboard in Resources */,
				05DDAC621C4208AE00970D18 /* Assets.xcassets in Resources */,
				0587DFDD1C420BEA0029C00D /* Two.storyboard in Resources */,
				05DDAC601C4208AE00970D18 /* Main.storyboard in Resources */,
				0587DFE11C420C5E0029C00D /* Four.storyboard in Resources */,
				0587DFDB1C420BD00029C00D /* One.storyboard in Resources */,
				0587DFDF1C420C020029C00D /* Three.storyboard in Resources */,
			);
			runOnlyForDeploymentPostprocessing = 0;
		};
		05DDAC691C4208AE00970D18 /* Resources */ = {
			isa = PBXResourcesBuildPhase;
			buildActionMask = 2147483647;
			files = (
			);
			runOnlyForDeploymentPostprocessing = 0;
		};
		05DDAC741C4208AE00970D18 /* Resources */ = {
			isa = PBXResourcesBuildPhase;
			buildActionMask = 2147483647;
			files = (
			);
			runOnlyForDeploymentPostprocessing = 0;
		};
/* End PBXResourcesBuildPhase section */

/* Begin PBXShellScriptBuildPhase section */
		03E51B8ACA328B52AAC9F0EF /* [CP] Copy Pods Resources */ = {
			isa = PBXShellScriptBuildPhase;
			buildActionMask = 2147483647;
			files = (
			);
			inputPaths = (
			);
			name = "[CP] Copy Pods Resources";
			outputPaths = (
			);
			runOnlyForDeploymentPostprocessing = 0;
			shellPath = /bin/sh;
			shellScript = "\"${SRCROOT}/Pods/Target Support Files/Pods-ZDMutableStoryBoardDemo/Pods-ZDMutableStoryBoardDemo-resources.sh\"\n";
			showEnvVarsInLog = 0;
		};
		8D2B6EB2999CF53639A00637 /* [CP] Check Pods Manifest.lock */ = {
			isa = PBXShellScriptBuildPhase;
			buildActionMask = 2147483647;
			files = (
			);
			inputPaths = (
			);
			name = "[CP] Check Pods Manifest.lock";
			outputPaths = (
			);
			runOnlyForDeploymentPostprocessing = 0;
			shellPath = /bin/sh;
			shellScript = "diff \"${PODS_ROOT}/../Podfile.lock\" \"${PODS_ROOT}/Manifest.lock\" > /dev/null\nif [[ $? != 0 ]] ; then\n    cat << EOM\nerror: The sandbox is not in sync with the Podfile.lock. Run 'pod install' or update your CocoaPods installation.\nEOM\n    exit 1\nfi\n";
			showEnvVarsInLog = 0;
		};
		A8A1BA93120093AB05297D54 /* [CP] Embed Pods Frameworks */ = {
			isa = PBXShellScriptBuildPhase;
			buildActionMask = 2147483647;
			files = (
			);
			inputPaths = (
			);
			name = "[CP] Embed Pods Frameworks";
			outputPaths = (
			);
			runOnlyForDeploymentPostprocessing = 0;
			shellPath = /bin/sh;
			shellScript = "\"${SRCROOT}/Pods/Target Support Files/Pods-ZDMutableStoryBoardDemo/Pods-ZDMutableStoryBoardDemo-frameworks.sh\"\n";
			showEnvVarsInLog = 0;
		};
/* End PBXShellScriptBuildPhase section */

/* Begin PBXSourcesBuildPhase section */
		05DDAC4E1C4208AE00970D18 /* Sources */ = {
			isa = PBXSourcesBuildPhase;
			buildActionMask = 2147483647;
			files = (
				05243C811C42695C00766BEA /* OneController.m in Sources */,
				05DDAC5D1C4208AE00970D18 /* MainViewController.m in Sources */,
				05243C8A1C42698B00766BEA /* FourController.m in Sources */,
				05DDAC5A1C4208AE00970D18 /* AppDelegate.m in Sources */,
				05243C841C42696E00766BEA /* TwoController.m in Sources */,
				05243C871C42697D00766BEA /* ThreeController.m in Sources */,
				05DDAC571C4208AE00970D18 /* main.m in Sources */,
			);
			runOnlyForDeploymentPostprocessing = 0;
		};
		05DDAC671C4208AE00970D18 /* Sources */ = {
			isa = PBXSourcesBuildPhase;
			buildActionMask = 2147483647;
			files = (
				05DDAC701C4208AE00970D18 /* ZDMutableStoryBoardDemoTests.m in Sources */,
			);
			runOnlyForDeploymentPostprocessing = 0;
		};
		05DDAC721C4208AE00970D18 /* Sources */ = {
			isa = PBXSourcesBuildPhase;
			buildActionMask = 2147483647;
			files = (
				05DDAC7B1C4208AE00970D18 /* ZDMutableStoryBoardDemoUITests.m in Sources */,
			);
			runOnlyForDeploymentPostprocessing = 0;
		};
/* End PBXSourcesBuildPhase section */

/* Begin PBXTargetDependency section */
		05DDAC6D1C4208AE00970D18 /* PBXTargetDependency */ = {
			isa = PBXTargetDependency;
			target = 05DDAC511C4208AE00970D18 /* ZDMutableStoryBoardDemo */;
			targetProxy = 05DDAC6C1C4208AE00970D18 /* PBXContainerItemProxy */;
		};
		05DDAC781C4208AE00970D18 /* PBXTargetDependency */ = {
			isa = PBXTargetDependency;
			target = 05DDAC511C4208AE00970D18 /* ZDMutableStoryBoardDemo */;
			targetProxy = 05DDAC771C4208AE00970D18 /* PBXContainerItemProxy */;
		};
/* End PBXTargetDependency section */

/* Begin PBXVariantGroup section */
		05DDAC5E1C4208AE00970D18 /* Main.storyboard */ = {
			isa = PBXVariantGroup;
			children = (
				05DDAC5F1C4208AE00970D18 /* Base */,
			);
			name = Main.storyboard;
			path = .;
			sourceTree = "<group>";
		};
		05DDAC631C4208AE00970D18 /* LaunchScreen.storyboard */ = {
			isa = PBXVariantGroup;
			children = (
				05DDAC641C4208AE00970D18 /* Base */,
			);
			name = LaunchScreen.storyboard;
			path = .;
			sourceTree = "<group>";
		};
/* End PBXVariantGroup section */

/* Begin XCBuildConfiguration section */
		05DDAC7D1C4208AE00970D18 /* Debug */ = {
			isa = XCBuildConfiguration;
			buildSettings = {
				ALWAYS_SEARCH_USER_PATHS = NO;
				CLANG_CXX_LANGUAGE_STANDARD = "gnu++0x";
				CLANG_CXX_LIBRARY = "libc++";
				CLANG_ENABLE_MODULES = YES;
				CLANG_ENABLE_OBJC_ARC = YES;
				CLANG_WARN_BOOL_CONVERSION = YES;
				CLANG_WARN_CONSTANT_CONVERSION = YES;
				CLANG_WARN_DIRECT_OBJC_ISA_USAGE = YES_ERROR;
				CLANG_WARN_EMPTY_BODY = YES;
				CLANG_WARN_ENUM_CONVERSION = YES;
				CLANG_WARN_INT_CONVERSION = YES;
				CLANG_WARN_OBJC_ROOT_CLASS = YES_ERROR;
				CLANG_WARN_UNREACHABLE_CODE = YES;
				CLANG_WARN__DUPLICATE_METHOD_MATCH = YES;
				"CODE_SIGN_IDENTITY[sdk=iphoneos*]" = "iPhone Developer";
				COPY_PHASE_STRIP = NO;
				DEBUG_INFORMATION_FORMAT = dwarf;
				ENABLE_STRICT_OBJC_MSGSEND = YES;
				ENABLE_TESTABILITY = YES;
				GCC_C_LANGUAGE_STANDARD = gnu99;
				GCC_DYNAMIC_NO_PIC = NO;
				GCC_NO_COMMON_BLOCKS = YES;
				GCC_OPTIMIZATION_LEVEL = 0;
				GCC_PREPROCESSOR_DEFINITIONS = (
					"DEBUG=1",
					"$(inherited)",
				);
				GCC_WARN_64_TO_32_BIT_CONVERSION = YES;
				GCC_WARN_ABOUT_RETURN_TYPE = YES_ERROR;
				GCC_WARN_UNDECLARED_SELECTOR = YES;
				GCC_WARN_UNINITIALIZED_AUTOS = YES_AGGRESSIVE;
				GCC_WARN_UNUSED_FUNCTION = YES;
				GCC_WARN_UNUSED_VARIABLE = YES;
				IPHONEOS_DEPLOYMENT_TARGET = 7.0;
				MTL_ENABLE_DEBUG_INFO = YES;
				ONLY_ACTIVE_ARCH = YES;
				SDKROOT = iphoneos;
				TARGETED_DEVICE_FAMILY = "1,2";
			};
			name = Debug;
		};
		05DDAC7E1C4208AE00970D18 /* Release */ = {
			isa = XCBuildConfiguration;
			buildSettings = {
				ALWAYS_SEARCH_USER_PATHS = NO;
				CLANG_CXX_LANGUAGE_STANDARD = "gnu++0x";
				CLANG_CXX_LIBRARY = "libc++";
				CLANG_ENABLE_MODULES = YES;
				CLANG_ENABLE_OBJC_ARC = YES;
				CLANG_WARN_BOOL_CONVERSION = YES;
				CLANG_WARN_CONSTANT_CONVERSION = YES;
				CLANG_WARN_DIRECT_OBJC_ISA_USAGE = YES_ERROR;
				CLANG_WARN_EMPTY_BODY = YES;
				CLANG_WARN_ENUM_CONVERSION = YES;
				CLANG_WARN_INT_CONVERSION = YES;
				CLANG_WARN_OBJC_ROOT_CLASS = YES_ERROR;
				CLANG_WARN_UNREACHABLE_CODE = YES;
				CLANG_WARN__DUPLICATE_METHOD_MATCH = YES;
				"CODE_SIGN_IDENTITY[sdk=iphoneos*]" = "iPhone Developer";
				COPY_PHASE_STRIP = NO;
				DEBUG_INFORMATION_FORMAT = "dwarf-with-dsym";
				ENABLE_NS_ASSERTIONS = NO;
				ENABLE_STRICT_OBJC_MSGSEND = YES;
				GCC_C_LANGUAGE_STANDARD = gnu99;
				GCC_NO_COMMON_BLOCKS = YES;
				GCC_WARN_64_TO_32_BIT_CONVERSION = YES;
				GCC_WARN_ABOUT_RETURN_TYPE = YES_ERROR;
				GCC_WARN_UNDECLARED_SELECTOR = YES;
				GCC_WARN_UNINITIALIZED_AUTOS = YES_AGGRESSIVE;
				GCC_WARN_UNUSED_FUNCTION = YES;
				GCC_WARN_UNUSED_VARIABLE = YES;
				IPHONEOS_DEPLOYMENT_TARGET = 7.0;
				MTL_ENABLE_DEBUG_INFO = NO;
				SDKROOT = iphoneos;
				TARGETED_DEVICE_FAMILY = "1,2";
				VALIDATE_PRODUCT = YES;
			};
			name = Release;
		};
		05DDAC801C4208AE00970D18 /* Debug */ = {
			isa = XCBuildConfiguration;
			baseConfigurationReference = 662459A0D45AC9E3A95E52ED /* Pods-ZDMutableStoryBoardDemo.debug.xcconfig */;
			buildSettings = {
				ASSETCATALOG_COMPILER_APPICON_NAME = AppIcon;
				INFOPLIST_FILE = ZDMutableStoryBoardDemo/Info.plist;
				IPHONEOS_DEPLOYMENT_TARGET = 7.0;
				LD_RUNPATH_SEARCH_PATHS = "$(inherited) @executable_path/Frameworks";
				PRODUCT_BUNDLE_IDENTIFIER = ZD.ZDMutableStoryBoardDemo;
				PRODUCT_NAME = "$(TARGET_NAME)";
			};
			name = Debug;
		};
		05DDAC811C4208AE00970D18 /* Release */ = {
			isa = XCBuildConfiguration;
			baseConfigurationReference = 0AD62AB5E61F4496742DCD34 /* Pods-ZDMutableStoryBoardDemo.release.xcconfig */;
			buildSettings = {
				ASSETCATALOG_COMPILER_APPICON_NAME = AppIcon;
				INFOPLIST_FILE = ZDMutableStoryBoardDemo/Info.plist;
				IPHONEOS_DEPLOYMENT_TARGET = 7.0;
				LD_RUNPATH_SEARCH_PATHS = "$(inherited) @executable_path/Frameworks";
				PRODUCT_BUNDLE_IDENTIFIER = ZD.ZDMutableStoryBoardDemo;
				PRODUCT_NAME = "$(TARGET_NAME)";
			};
			name = Release;
		};
		05DDAC831C4208AE00970D18 /* Debug */ = {
			isa = XCBuildConfiguration;
			buildSettings = {
				BUNDLE_LOADER = "$(TEST_HOST)";
				INFOPLIST_FILE = ZDMutableStoryBoardDemoTests/Info.plist;
				LD_RUNPATH_SEARCH_PATHS = "$(inherited) @executable_path/Frameworks @loader_path/Frameworks";
				PRODUCT_BUNDLE_IDENTIFIER = ZD.ZDMutableStoryBoardDemoTests;
				PRODUCT_NAME = "$(TARGET_NAME)";
				TEST_HOST = "$(BUILT_PRODUCTS_DIR)/ZDMutableStoryBoardDemo.app/ZDMutableStoryBoardDemo";
			};
			name = Debug;
		};
		05DDAC841C4208AE00970D18 /* Release */ = {
			isa = XCBuildConfiguration;
			buildSettings = {
				BUNDLE_LOADER = "$(TEST_HOST)";
				INFOPLIST_FILE = ZDMutableStoryBoardDemoTests/Info.plist;
				LD_RUNPATH_SEARCH_PATHS = "$(inherited) @executable_path/Frameworks @loader_path/Frameworks";
				PRODUCT_BUNDLE_IDENTIFIER = ZD.ZDMutableStoryBoardDemoTests;
				PRODUCT_NAME = "$(TARGET_NAME)";
				TEST_HOST = "$(BUILT_PRODUCTS_DIR)/ZDMutableStoryBoardDemo.app/ZDMutableStoryBoardDemo";
			};
			name = Release;
		};
		05DDAC861C4208AE00970D18 /* Debug */ = {
			isa = XCBuildConfiguration;
			buildSettings = {
				INFOPLIST_FILE = ZDMutableStoryBoardDemoUITests/Info.plist;
				LD_RUNPATH_SEARCH_PATHS = "$(inherited) @executable_path/Frameworks @loader_path/Frameworks";
				PRODUCT_BUNDLE_IDENTIFIER = ZD.ZDMutableStoryBoardDemoUITests;
				PRODUCT_NAME = "$(TARGET_NAME)";
				TEST_TARGET_NAME = ZDMutableStoryBoardDemo;
				USES_XCTRUNNER = YES;
			};
			name = Debug;
		};
		05DDAC871C4208AE00970D18 /* Release */ = {
			isa = XCBuildConfiguration;
			buildSettings = {
				INFOPLIST_FILE = ZDMutableStoryBoardDemoUITests/Info.plist;
				LD_RUNPATH_SEARCH_PATHS = "$(inherited) @executable_path/Frameworks @loader_path/Frameworks";
				PRODUCT_BUNDLE_IDENTIFIER = ZD.ZDMutableStoryBoardDemoUITests;
				PRODUCT_NAME = "$(TARGET_NAME)";
				TEST_TARGET_NAME = ZDMutableStoryBoardDemo;
				USES_XCTRUNNER = YES;
			};
			name = Release;
		};
/* End XCBuildConfiguration section */

/* Begin XCConfigurationList section */
		05DDAC4D1C4208AE00970D18 /* Build configuration list for PBXProject "ZDMutableStoryBoardDemo" */ = {
			isa = XCConfigurationList;
			buildConfigurations = (
				05DDAC7D1C4208AE00970D18 /* Debug */,
				05DDAC7E1C4208AE00970D18 /* Release */,
			);
			defaultConfigurationIsVisible = 0;
			defaultConfigurationName = Release;
		};
		05DDAC7F1C4208AE00970D18 /* Build configuration list for PBXNativeTarget "ZDMutableStoryBoardDemo" */ = {
			isa = XCConfigurationList;
			buildConfigurations = (
				05DDAC801C4208AE00970D18 /* Debug */,
				05DDAC811C4208AE00970D18 /* Release */,
			);
			defaultConfigurationIsVisible = 0;
			defaultConfigurationName = Release;
		};
		05DDAC821C4208AE00970D18 /* Build configuration list for PBXNativeTarget "ZDMutableStoryBoardDemoTests" */ = {
			isa = XCConfigurationList;
			buildConfigurations = (
				05DDAC831C4208AE00970D18 /* Debug */,
				05DDAC841C4208AE00970D18 /* Release */,
			);
			defaultConfigurationIsVisible = 0;
			defaultConfigurationName = Release;
		};
		05DDAC851C4208AE00970D18 /* Build configuration list for PBXNativeTarget "ZDMutableStoryBoardDemoUITests" */ = {
			isa = XCConfigurationList;
			buildConfigurations = (
				05DDAC861C4208AE00970D18 /* Debug */,
				05DDAC871C4208AE00970D18 /* Release */,
			);
			defaultConfigurationIsVisible = 0;
			defaultConfigurationName = Release;
		};
/* End XCConfigurationList section */
	};
	rootObject = 05DDAC4A1C4208AE00970D18 /* Project object */;
}
