PODS:
  - RDVTabBarController (1.1.9)
  - Reveal-iOS-SDK (1.6.2)
  - VOVCManager (1.0.1)

DEPENDENCIES:
  - RDVTabBarController (~> 1.1.9)
  - Reveal-iOS-SDK
  - VOVCManager

SPEC CHECKSUMS:
  RDVTabBarController: 67794f7a7a37f8e32f046f85ac67d06ab92d624a
  Reveal-iOS-SDK: e2250b3c155bcfac53ae223ddc1f76d08f206c33
  VOVCManager: 9a226141bbb921a59660cc39a6447a9b0b504e9e

COCOAPODS: 0.38.2
